
Microsoft Visual Studio Solution File, Format Version 12.00
# Visual Studio Version 16
VisualStudioVersion = 16.0.30804.86
MinimumVisualStudioVersion = 10.0.40219.1
Project("{FAE04EC0-301F-11D3-BF4B-00C04F79EFBC}") = "Golf With Friends Cheats", "Golf With Friends Cheats\Golf With Friends Cheats.csproj", "{7B70AA86-4BDB-491A-A395-223E8D5233A4}"
EndProject
Global
	GlobalSection(SolutionConfigurationPlatforms) = preSolution
		Debug|Any CPU = Debug|Any CPU
		Release|Any CPU = Release|Any CPU
	EndGlobalSection
	GlobalSection(ProjectConfigurationPlatforms) = postSolution
		{7B70AA86-4BDB-491A-A395-223E8D5233A4}.Debug|Any CPU.ActiveCfg = Debug|Any CPU
		{7B70AA86-4BDB-491A-A395-223E8D5233A4}.Debug|Any CPU.Build.0 = Debug|Any CPU
		{7B70AA86-4BDB-491A-A395-223E8D5233A4}.Release|Any CPU.ActiveCfg = Release|Any CPU
		{7B70AA86-4BDB-491A-A395-223E8D5233A4}.Release|Any CPU.Build.0 = Release|Any CPU
	EndGlobalSection
	GlobalSection(SolutionProperties) = preSolution
		HideSolutionNode = FALSE
	EndGlobalSection
	GlobalSection(ExtensibilityGlobals) = postSolution
		SolutionGuid = {5C7A99D2-B01D-4303-BA42-E231EA51CF46}
	EndGlobalSection
EndGlobal
